
Microsoft Visual Studio Solution File, Format Version 12.00
# Visual Studio 14
VisualStudioVersion = 14.0.24720.0
MinimumVisualStudioVersion = 10.0.40219.1
Project("{FAE04EC0-301F-11D3-BF4B-00C04F79EFBC}") = "CSharp Leap", "CSharp Leap\CSharp Leap.csproj", "{3467FFE5-06D4-4F20-8F35-7783EDEAB165}"
EndProject
Project("{FAE04EC0-301F-11D3-BF4B-00C04F79EFBC}") = "Test", "Test\Test.csproj", "{8226986A-3506-40D8-B84F-221740E2C787}"
EndProject
Global
	GlobalSection(SolutionConfigurationPlatforms) = preSolution
		Debug|Any CPU = Debug|Any CPU
		Release|Any CPU = Release|Any CPU
	EndGlobalSection
	GlobalSection(ProjectConfigurationPlatforms) = postSolution
		{3467FFE5-06D4-4F20-8F35-7783EDEAB165}.Debug|Any CPU.ActiveCfg = Debug|Any CPU
		{3467FFE5-06D4-4F20-8F35-7783EDEAB165}.Debug|Any CPU.Build.0 = Debug|Any CPU
		{3467FFE5-06D4-4F20-8F35-7783EDEAB165}.Release|Any CPU.ActiveCfg = Release|Any CPU
		{3467FFE5-06D4-4F20-8F35-7783EDEAB165}.Release|Any CPU.Build.0 = Release|Any CPU
		{8226986A-3506-40D8-B84F-221740E2C787}.Debug|Any CPU.ActiveCfg = Debug|Any CPU
		{8226986A-3506-40D8-B84F-221740E2C787}.Debug|Any CPU.Build.0 = Debug|Any CPU
		{8226986A-3506-40D8-B84F-221740E2C787}.Release|Any CPU.ActiveCfg = Release|Any CPU
		{8226986A-3506-40D8-B84F-221740E2C787}.Release|Any CPU.Build.0 = Release|Any CPU
	EndGlobalSection
	GlobalSection(SolutionProperties) = preSolution
		HideSolutionNode = FALSE
	EndGlobalSection
EndGlobal
